
Microsoft Visual Studio Solution File, Format Version 12.00
# Visual Studio Version 17
VisualStudioVersion = 17.4.33213.308
MinimumVisualStudioVersion = 10.0.40219.1
Project("{FAE04EC0-301F-11D3-BF4B-00C04F79EFBC}") = "CSVDiff", "CSVDiff\CSVDiff.csproj", "{B715D0BB-9396-414E-AB73-3F162E633B85}"
EndProject
Global
	GlobalSection(SolutionConfigurationPlatforms) = preSolution
		Debug|Any CPU = Debug|Any CPU
		Release|Any CPU = Release|Any CPU
	EndGlobalSection
	GlobalSection(ProjectConfigurationPlatforms) = postSolution
		{B715D0BB-9396-414E-AB73-3F162E633B85}.Debug|Any CPU.ActiveCfg = Debug|Any CPU
		{B715D0BB-9396-414E-AB73-3F162E633B85}.Debug|Any CPU.Build.0 = Debug|Any CPU
		{B715D0BB-9396-414E-AB73-3F162E633B85}.Release|Any CPU.ActiveCfg = Release|Any CPU
		{B715D0BB-9396-414E-AB73-3F162E633B85}.Release|Any CPU.Build.0 = Release|Any CPU
	EndGlobalSection
	GlobalSection(SolutionProperties) = preSolution
		HideSolutionNode = FALSE
	EndGlobalSection
	GlobalSection(ExtensibilityGlobals) = postSolution
		SolutionGuid = {C3405DD6-D728-4A00-BC35-85A716B0862A}
	EndGlobalSection
EndGlobal
